# This file is automatically @generated by Cargo.
# It is not intended for manual editing.
version = 4

[[package]]
name = "use-air-temperature"
version = "0.1.0"

[[package]]
name = "use-atmosphere"
version = "0.1.0"

[[package]]
name = "use-atmospheric-pressure"
version = "0.1.0"

[[package]]
name = "use-cloud"
version = "0.1.0"

[[package]]
name = "use-humidity"
version = "0.1.0"

[[package]]
name = "use-meteorology"
version = "0.1.0"
dependencies = [
 "use-air-temperature",
 "use-atmosphere",
 "use-atmospheric-pressure",
 "use-cloud",
 "use-humidity",
 "use-precipitation",
 "use-pressure-system",
 "use-weather-forecast",
 "use-weather-front",
 "use-weather-observation",
 "use-wind",
]

[[package]]
name = "use-precipitation"
version = "0.1.0"

[[package]]
name = "use-pressure-system"
version = "0.1.0"

[[package]]
name = "use-weather-forecast"
version = "0.1.0"

[[package]]
name = "use-weather-front"
version = "0.1.0"

[[package]]
name = "use-weather-observation"
version = "0.1.0"

[[package]]
name = "use-wind"
version = "0.1.0"
